// !$*UTF8*$!
{
	archiveVersion = 1;
	classes = {
	};
	objectVersion = 48;
	objects = {

/* Begin PBXBuildFile section */
		669AD5771FEBAE3F00B794BD /* AppDelegate.swift in Sources */ = {isa = PBXBuildFile; fileRef = 669AD5761FEBAE3F00B794BD /* AppDelegate.swift */; };
		669AD5791FEBAE3F00B794BD /* ViewController.swift in Sources */ = {isa = PBXBuildFile; fileRef = 669AD5781FEBAE3F00B794BD /* ViewController.swift */; };
		669AD57C1FEBAE4000B794BD /* Main.storyboard in Resources */ = {isa = PBXBuildFile; fileRef = 669AD57A1FEBAE4000B794BD /* Main.storyboard */; };
		669AD57E1FEBAE4000B794BD /* Assets.xcassets in Resources */ = {isa = PBXBuildFile; fileRef = 669AD57D1FEBAE4000B794BD /* Assets.xcassets */; };
		669AD5811FEBAE4000B794BD /* LaunchScreen.storyboard in Resources */ = {isa = PBXBuildFile; fileRef = 669AD57F1FEBAE4000B794BD /* LaunchScreen.storyboard */; };
		669AD58B1FEBAEFF00B794BD /* ATMetal.swift in Sources */ = {isa = PBXBuildFile; fileRef = 669AD58A1FEBAEFF00B794BD /* ATMetal.swift */; };
		669AD58D1FEBB01900B794BD /* ATKernels.metal in Sources */ = {isa = PBXBuildFile; fileRef = 669AD58C1FEBB01900B794BD /* ATKernels.metal */; };
/* End PBXBuildFile section */

/* Begin PBXFileReference section */
		669AD5731FEBAE3F00B794BD /* HelloMetal.app */ = {isa = PBXFileReference; explicitFileType = wrapper.application; includeInIndex = 0; path = HelloMetal.app; sourceTree = BUILT_PRODUCTS_DIR; };
		669AD5761FEBAE3F00B794BD /* AppDelegate.swift */ = {isa = PBXFileReference; lastKnownFileType = sourcecode.swift; path = AppDelegate.swift; sourceTree = "<group>"; };
		669AD5781FEBAE3F00B794BD /* ViewController.swift */ = {isa = PBXFileReference; lastKnownFileType = sourcecode.swift; path = ViewController.swift; sourceTree = "<group>"; };
		669AD57B1FEBAE4000B794BD /* Base */ = {isa = PBXFileReference; lastKnownFileType = file.storyboard; name = Base; path = Base.lproj/Main.storyboard; sourceTree = "<group>"; };
		669AD57D1FEBAE4000B794BD /* Assets.xcassets */ = {isa = PBXFileReference; lastKnownFileType = folder.assetcatalog; path = Assets.xcassets; sourceTree = "<group>"; };
		669AD5801FEBAE4000B794BD /* Base */ = {isa = PBXFileReference; lastKnownFileType = file.storyboard; name = Base; path = Base.lproj/LaunchScreen.storyboard; sourceTree = "<group>"; };
		669AD5821FEBAE4000B794BD /* Info.plist */ = {isa = PBXFileReference; lastKnownFileType = text.plist.xml; path = Info.plist; sourceTree = "<group>"; };
		669AD58A1FEBAEFF00B794BD /* ATMetal.swift */ = {isa = PBXFileReference; lastKnownFileType = sourcecode.swift; path = ATMetal.swift; sourceTree = "<group>"; };
		669AD58C1FEBB01900B794BD /* ATKernels.metal */ = {isa = PBXFileReference; lastKnownFileType = sourcecode.metal; path = ATKernels.metal; sourceTree = "<group>"; };
/* End PBXFileReference section */

/* Begin PBXFrameworksBuildPhase section */
		669AD5701FEBAE3F00B794BD /* Frameworks */ = {
			isa = PBXFrameworksBuildPhase;
			buildActionMask = 2147483647;
			files = (
			);
			runOnlyForDeploymentPostprocessing = 0;
		};
/* End PBXFrameworksBuildPhase section */

/* Begin PBXGroup section */
		669AD56A1FEBAE3F00B794BD = {
			isa = PBXGroup;
			children = (
				669AD5751FEBAE3F00B794BD /* HelloMetal */,
				669AD5741FEBAE3F00B794BD /* Products */,
			);
			sourceTree = "<group>";
		};
		669AD5741FEBAE3F00B794BD /* Products */ = {
			isa = PBXGroup;
			children = (
				669AD5731FEBAE3F00B794BD /* HelloMetal.app */,
			);
			name = Products;
			sourceTree = "<group>";
		};
		669AD5751FEBAE3F00B794BD /* HelloMetal */ = {
			isa = PBXGroup;
			children = (
				669AD5761FEBAE3F00B794BD /* AppDelegate.swift */,
				669AD5881FEBAE8300B794BD /* Metal */,
				669AD5891FEBAE8D00B794BD /* Helpers */,
				669AD5781FEBAE3F00B794BD /* ViewController.swift */,
				669AD57A1FEBAE4000B794BD /* Main.storyboard */,
				669AD57D1FEBAE4000B794BD /* Assets.xcassets */,
				669AD57F1FEBAE4000B794BD /* LaunchScreen.storyboard */,
				669AD5821FEBAE4000B794BD /* Info.plist */,
			);
			path = HelloMetal;
			sourceTree = "<group>";
		};
		669AD5881FEBAE8300B794BD /* Metal */ = {
			isa = PBXGroup;
			children = (
				669AD58C1FEBB01900B794BD /* ATKernels.metal */,
			);
			path = Metal;
			sourceTree = "<group>";
		};
		669AD5891FEBAE8D00B794BD /* Helpers */ = {
			isa = PBXGroup;
			children = (
				669AD58A1FEBAEFF00B794BD /* ATMetal.swift */,
			);
			path = Helpers;
			sourceTree = "<group>";
		};
/* End PBXGroup section */

/* Begin PBXNativeTarget section */
		669AD5721FEBAE3F00B794BD /* HelloMetal */ = {
			isa = PBXNativeTarget;
			buildConfigurationList = 669AD5851FEBAE4000B794BD /* Build configuration list for PBXNativeTarget "HelloMetal" */;
			buildPhases = (
				669AD56F1FEBAE3F00B794BD /* Sources */,
				669AD5701FEBAE3F00B794BD /* Frameworks */,
				669AD5711FEBAE3F00B794BD /* Resources */,
			);
			buildRules = (
			);
			dependencies = (
			);
			name = HelloMetal;
			productName = HelloMetal;
			productReference = 669AD5731FEBAE3F00B794BD /* HelloMetal.app */;
			productType = "com.apple.product-type.application";
		};
/* End PBXNativeTarget section */

/* Begin PBXProject section */
		669AD56B1FEBAE3F00B794BD /* Project object */ = {
			isa = PBXProject;
			attributes = {
				LastSwiftUpdateCheck = 0920;
				LastUpgradeCheck = 0920;
				ORGANIZATIONNAME = "Akio Takei";
				TargetAttributes = {
					669AD5721FEBAE3F00B794BD = {
						CreatedOnToolsVersion = 9.2;
						ProvisioningStyle = Automatic;
					};
				};
			};
			buildConfigurationList = 669AD56E1FEBAE3F00B794BD /* Build configuration list for PBXProject "HelloMetal" */;
			compatibilityVersion = "Xcode 8.0";
			developmentRegion = en;
			hasScannedForEncodings = 0;
			knownRegions = (
				en,
				Base,
			);
			mainGroup = 669AD56A1FEBAE3F00B794BD;
			productRefGroup = 669AD5741FEBAE3F00B794BD /* Products */;
			projectDirPath = "";
			projectRoot = "";
			targets = (
				669AD5721FEBAE3F00B794BD /* HelloMetal */,
			);
		};
/* End PBXProject section */

/* Begin PBXResourcesBuildPhase section */
		669AD5711FEBAE3F00B794BD /* Resources */ = {
			isa = PBXResourcesBuildPhase;
			buildActionMask = 2147483647;
			files = (
				669AD5811FEBAE4000B794BD /* LaunchScreen.storyboard in Resources */,
				669AD57E1FEBAE4000B794BD /* Assets.xcassets in Resources */,
				669AD57C1FEBAE4000B794BD /* Main.storyboard in Resources */,
			);
			runOnlyForDeploymentPostprocessing = 0;
		};
/* End PBXResourcesBuildPhase section */

/* Begin PBXSourcesBuildPhase section */
		669AD56F1FEBAE3F00B794BD /* Sources */ = {
			isa = PBXSourcesBuildPhase;
			buildActionMask = 2147483647;
			files = (
				669AD5791FEBAE3F00B794BD /* ViewController.swift in Sources */,
				669AD58D1FEBB01900B794BD /* ATKernels.metal in Sources */,
				669AD58B1FEBAEFF00B794BD /* ATMetal.swift in Sources */,
				669AD5771FEBAE3F00B794BD /* AppDelegate.swift in Sources */,
			);
			runOnlyForDeploymentPostprocessing = 0;
		};
/* End PBXSourcesBuildPhase section */

/* Begin PBXVariantGroup section */
		669AD57A1FEBAE4000B794BD /* Main.storyboard */ = {
			isa = PBXVariantGroup;
			children = (
				669AD57B1FEBAE4000B794BD /* Base */,
			);
			name = Main.storyboard;
			sourceTree = "<group>";
		};
		669AD57F1FEBAE4000B794BD /* LaunchScreen.storyboard */ = {
			isa = PBXVariantGroup;
			children = (
				669AD5801FEBAE4000B794BD /* Base */,
			);
			name = LaunchScreen.storyboard;
			sourceTree = "<group>";
		};
/* End PBXVariantGroup section */

/* Begin XCBuildConfiguration section */
		669AD5831FEBAE4000B794BD /* Debug */ = {
			isa = XCBuildConfiguration;
			buildSettings = {
				ALWAYS_SEARCH_USER_PATHS = NO;
				CLANG_ANALYZER_NONNULL = YES;
				CLANG_ANALYZER_NUMBER_OBJECT_CONVERSION = YES_AGGRESSIVE;
				CLANG_CXX_LANGUAGE_STANDARD = "gnu++14";
				CLANG_CXX_LIBRARY = "libc++";
				CLANG_ENABLE_MODULES = YES;
				CLANG_ENABLE_OBJC_ARC = YES;
				CLANG_WARN_BLOCK_CAPTURE_AUTORELEASING = YES;
				CLANG_WARN_BOOL_CONVERSION = YES;
				CLANG_WARN_COMMA = YES;
				CLANG_WARN_CONSTANT_CONVERSION = YES;
				CLANG_WARN_DIRECT_OBJC_ISA_USAGE = YES_ERROR;
				CLANG_WARN_DOCUMENTATION_COMMENTS = YES;
				CLANG_WARN_EMPTY_BODY = YES;
				CLANG_WARN_ENUM_CONVERSION = YES;
				CLANG_WARN_INFINITE_RECURSION = YES;
				CLANG_WARN_INT_CONVERSION = YES;
				CLANG_WARN_NON_LITERAL_NULL_CONVERSION = YES;
				CLANG_WARN_OBJC_LITERAL_CONVERSION = YES;
				CLANG_WARN_OBJC_ROOT_CLASS = YES_ERROR;
				CLANG_WARN_RANGE_LOOP_ANALYSIS = YES;
				CLANG_WARN_STRICT_PROTOTYPES = YES;
				CLANG_WARN_SUSPICIOUS_MOVE = YES;
				CLANG_WARN_UNGUARDED_AVAILABILITY = YES_AGGRESSIVE;
				CLANG_WARN_UNREACHABLE_CODE = YES;
				CLANG_WARN__DUPLICATE_METHOD_MATCH = YES;
				CODE_SIGN_IDENTITY = "iPhone Developer";
				COPY_PHASE_STRIP = NO;
				DEBUG_INFORMATION_FORMAT = dwarf;
				ENABLE_STRICT_OBJC_MSGSEND = YES;
				ENABLE_TESTABILITY = YES;
				GCC_C_LANGUAGE_STANDARD = gnu11;
				GCC_DYNAMIC_NO_PIC = NO;
				GCC_NO_COMMON_BLOCKS = YES;
				GCC_OPTIMIZATION_LEVEL = 0;
				GCC_PREPROCESSOR_DEFINITIONS = (
					"DEBUG=1",
					"$(inherited)",
				);
				GCC_WARN_64_TO_32_BIT_CONVERSION = YES;
				GCC_WARN_ABOUT_RETURN_TYPE = YES_ERROR;
				GCC_WARN_UNDECLARED_SELECTOR = YES;
				GCC_WARN_UNINITIALIZED_AUTOS = YES_AGGRESSIVE;
				GCC_WARN_UNUSED_FUNCTION = YES;
				GCC_WARN_UNUSED_VARIABLE = YES;
				IPHONEOS_DEPLOYMENT_TARGET = 11.2;
				MTL_ENABLE_DEBUG_INFO = YES;
				ONLY_ACTIVE_ARCH = YES;
				SDKROOT = iphoneos;
				SWIFT_ACTIVE_COMPILATION_CONDITIONS = DEBUG;
				SWIFT_OPTIMIZATION_LEVEL = "-Onone";
			};
			name = Debug;
		};
		669AD5841FEBAE4000B794BD /* Release */ = {
			isa = XCBuildConfiguration;
			buildSettings = {
				ALWAYS_SEARCH_USER_PATHS = NO;
				CLANG_ANALYZER_NONNULL = YES;
				CLANG_ANALYZER_NUMBER_OBJECT_CONVERSION = YES_AGGRESSIVE;
				CLANG_CXX_LANGUAGE_STANDARD = "gnu++14";
				CLANG_CXX_LIBRARY = "libc++";
				CLANG_ENABLE_MODULES = YES;
				CLANG_ENABLE_OBJC_ARC = YES;
				CLANG_WARN_BLOCK_CAPTURE_AUTORELEASING = YES;
				CLANG_WARN_BOOL_CONVERSION = YES;
				CLANG_WARN_COMMA = YES;
				CLANG_WARN_CONSTANT_CONVERSION = YES;
				CLANG_WARN_DIRECT_OBJC_ISA_USAGE = YES_ERROR;
				CLANG_WARN_DOCUMENTATION_COMMENTS = YES;
				CLANG_WARN_EMPTY_BODY = YES;
				CLANG_WARN_ENUM_CONVERSION = YES;
				CLANG_WARN_INFINITE_RECURSION = YES;
				CLANG_WARN_INT_CONVERSION = YES;
				CLANG_WARN_NON_LITERAL_NULL_CONVERSION = YES;
				CLANG_WARN_OBJC_LITERAL_CONVERSION = YES;
				CLANG_WARN_OBJC_ROOT_CLASS = YES_ERROR;
				CLANG_WARN_RANGE_LOOP_ANALYSIS = YES;
				CLANG_WARN_STRICT_PROTOTYPES = YES;
				CLANG_WARN_SUSPICIOUS_MOVE = YES;
				CLANG_WARN_UNGUARDED_AVAILABILITY = YES_AGGRESSIVE;
				CLANG_WARN_UNREACHABLE_CODE = YES;
				CLANG_WARN__DUPLICATE_METHOD_MATCH = YES;
				CODE_SIGN_IDENTITY = "iPhone Developer";
				COPY_PHASE_STRIP = NO;
				DEBUG_INFORMATION_FORMAT = "dwarf-with-dsym";
				ENABLE_NS_ASSERTIONS = NO;
				ENABLE_STRICT_OBJC_MSGSEND = YES;
				GCC_C_LANGUAGE_STANDARD = gnu11;
				GCC_NO_COMMON_BLOCKS = YES;
				GCC_WARN_64_TO_32_BIT_CONVERSION = YES;
				GCC_WARN_ABOUT_RETURN_TYPE = YES_ERROR;
				GCC_WARN_UNDECLARED_SELECTOR = YES;
				GCC_WARN_UNINITIALIZED_AUTOS = YES_AGGRESSIVE;
				GCC_WARN_UNUSED_FUNCTION = YES;
				GCC_WARN_UNUSED_VARIABLE = YES;
				IPHONEOS_DEPLOYMENT_TARGET = 11.2;
				MTL_ENABLE_DEBUG_INFO = NO;
				SDKROOT = iphoneos;
				SWIFT_OPTIMIZATION_LEVEL = "-Owholemodule";
				VALIDATE_PRODUCT = YES;
			};
			name = Release;
		};
		669AD5861FEBAE4000B794BD /* Debug */ = {
			isa = XCBuildConfiguration;
			buildSettings = {
				ASSETCATALOG_COMPILER_APPICON_NAME = AppIcon;
				CODE_SIGN_STYLE = Automatic;
				DEVELOPMENT_TEAM = 66K5CYK87N;
				INFOPLIST_FILE = HelloMetal/Info.plist;
				IPHONEOS_DEPLOYMENT_TARGET = 11.0;
				LD_RUNPATH_SEARCH_PATHS = "$(inherited) @executable_path/Frameworks";
				PRODUCT_BUNDLE_IDENTIFIER = com.dwellant.csite;
				PRODUCT_NAME = "$(TARGET_NAME)";
				SWIFT_VERSION = 4.0;
				TARGETED_DEVICE_FAMILY = "1,2";
			};
			name = Debug;
		};
		669AD5871FEBAE4000B794BD /* Release */ = {
			isa = XCBuildConfiguration;
			buildSettings = {
				ASSETCATALOG_COMPILER_APPICON_NAME = AppIcon;
				CODE_SIGN_STYLE = Automatic;
				DEVELOPMENT_TEAM = 66K5CYK87N;
				INFOPLIST_FILE = HelloMetal/Info.plist;
				IPHONEOS_DEPLOYMENT_TARGET = 11.0;
				LD_RUNPATH_SEARCH_PATHS = "$(inherited) @executable_path/Frameworks";
				PRODUCT_BUNDLE_IDENTIFIER = com.dwellant.csite;
				PRODUCT_NAME = "$(TARGET_NAME)";
				SWIFT_VERSION = 4.0;
				TARGETED_DEVICE_FAMILY = "1,2";
			};
			name = Release;
		};
/* End XCBuildConfiguration section */

/* Begin XCConfigurationList section */
		669AD56E1FEBAE3F00B794BD /* Build configuration list for PBXProject "HelloMetal" */ = {
			isa = XCConfigurationList;
			buildConfigurations = (
				669AD5831FEBAE4000B794BD /* Debug */,
				669AD5841FEBAE4000B794BD /* Release */,
			);
			defaultConfigurationIsVisible = 0;
			defaultConfigurationName = Release;
		};
		669AD5851FEBAE4000B794BD /* Build configuration list for PBXNativeTarget "HelloMetal" */ = {
			isa = XCConfigurationList;
			buildConfigurations = (
				669AD5861FEBAE4000B794BD /* Debug */,
				669AD5871FEBAE4000B794BD /* Release */,
			);
			defaultConfigurationIsVisible = 0;
			defaultConfigurationName = Release;
		};
/* End XCConfigurationList section */
	};
	rootObject = 669AD56B1FEBAE3F00B794BD /* Project object */;
}
